
Microsoft Visual Studio Solution File, Format Version 12.00
# Visual Studio Version 16
VisualStudioVersion = 16.0.31205.134
MinimumVisualStudioVersion = 10.0.40219.1
Project("{888888A0-9F3D-457C-B088-3A5042F75D52}") = "Гаусс", "Гаусс.pyproj", "{0B5264DD-82FF-433B-9193-215EFC6BA67C}"
EndProject
Global
	GlobalSection(SolutionConfigurationPlatforms) = preSolution
		Debug|Any CPU = Debug|Any CPU
		Release|Any CPU = Release|Any CPU
	EndGlobalSection
	GlobalSection(ProjectConfigurationPlatforms) = postSolution
		{0B5264DD-82FF-433B-9193-215EFC6BA67C}.Debug|Any CPU.ActiveCfg = Debug|Any CPU
		{0B5264DD-82FF-433B-9193-215EFC6BA67C}.Release|Any CPU.ActiveCfg = Release|Any CPU
	EndGlobalSection
	GlobalSection(SolutionProperties) = preSolution
		HideSolutionNode = FALSE
	EndGlobalSection
	GlobalSection(ExtensibilityGlobals) = postSolution
		SolutionGuid = {2CC7325C-8FA5-42ED-AA33-C5F4AC355702}
	EndGlobalSection
EndGlobal
